
Microsoft Visual Studio Solution File, Format Version 12.00
Project("{FAE04EC0-301F-11D3-BF4B-00C04F79EFBC}") = "ProductStoreAPI", "ProductStoreAPI\ProductStoreAPI.csproj", "{D1F22C2B-DB88-483B-A82A-A97D2ACFB0AF}"
EndProject
Project("{FAE04EC0-301F-11D3-BF4B-00C04F79EFBC}") = "ProductStoreAPITests", "ProductStoreAPITests\ProductStoreAPITests.csproj", "{002149EF-958D-4B5E-A987-7F76DDED903A}"
EndProject
Project("{FAE04EC0-301F-11D3-BF4B-00C04F79EFBC}") = "ProductStoreUI", "ProductStoreUI\ProductStoreUI.csproj", "{F73BF05B-AEBF-44A1-9F03-221D68196F50}"
EndProject
Global
	GlobalSection(SolutionConfigurationPlatforms) = preSolution
		Debug|Any CPU = Debug|Any CPU
		Release|Any CPU = Release|Any CPU
	EndGlobalSection
	GlobalSection(ProjectConfigurationPlatforms) = postSolution
		{D1F22C2B-DB88-483B-A82A-A97D2ACFB0AF}.Debug|Any CPU.ActiveCfg = Debug|Any CPU
		{D1F22C2B-DB88-483B-A82A-A97D2ACFB0AF}.Debug|Any CPU.Build.0 = Debug|Any CPU
		{D1F22C2B-DB88-483B-A82A-A97D2ACFB0AF}.Release|Any CPU.ActiveCfg = Release|Any CPU
		{D1F22C2B-DB88-483B-A82A-A97D2ACFB0AF}.Release|Any CPU.Build.0 = Release|Any CPU
		{002149EF-958D-4B5E-A987-7F76DDED903A}.Debug|Any CPU.ActiveCfg = Debug|Any CPU
		{002149EF-958D-4B5E-A987-7F76DDED903A}.Debug|Any CPU.Build.0 = Debug|Any CPU
		{002149EF-958D-4B5E-A987-7F76DDED903A}.Release|Any CPU.ActiveCfg = Release|Any CPU
		{002149EF-958D-4B5E-A987-7F76DDED903A}.Release|Any CPU.Build.0 = Release|Any CPU
		{F73BF05B-AEBF-44A1-9F03-221D68196F50}.Debug|Any CPU.ActiveCfg = Debug|Any CPU
		{F73BF05B-AEBF-44A1-9F03-221D68196F50}.Debug|Any CPU.Build.0 = Debug|Any CPU
		{F73BF05B-AEBF-44A1-9F03-221D68196F50}.Release|Any CPU.ActiveCfg = Release|Any CPU
		{F73BF05B-AEBF-44A1-9F03-221D68196F50}.Release|Any CPU.Build.0 = Release|Any CPU
	EndGlobalSection
EndGlobal
